
Microsoft Visual Studio Solution File, Format Version 12.00
# Visual Studio 15
VisualStudioVersion = 15.0.27703.2035
MinimumVisualStudioVersion = 10.0.40219.1
Project("{9A19103F-16F7-4668-BE54-9A1E7A4F7556}") = "AsmodatLowOrbitRequestCannon", "AsmodatLowOrbitRequestCannon\AsmodatLowOrbitRequestCannon.csproj", "{485E36FB-1EF8-46B4-9A51-ED753E4B35E2}"
EndProject
Project("{9A19103F-16F7-4668-BE54-9A1E7A4F7556}") = "Asmodat Standard", "..\Asmodat Standard\Asmodat Standard\Asmodat Standard.csproj", "{E6ACE970-3066-4C59-A635-5E35F4F5EB3E}"
EndProject
Global
	GlobalSection(SolutionConfigurationPlatforms) = preSolution
		Debug|Any CPU = Debug|Any CPU
		Debug|x64 = Debug|x64
		Release|Any CPU = Release|Any CPU
		Release|x64 = Release|x64
	EndGlobalSection
	GlobalSection(ProjectConfigurationPlatforms) = postSolution
		{485E36FB-1EF8-46B4-9A51-ED753E4B35E2}.Debug|Any CPU.ActiveCfg = Debug|Any CPU
		{485E36FB-1EF8-46B4-9A51-ED753E4B35E2}.Debug|Any CPU.Build.0 = Debug|Any CPU
		{485E36FB-1EF8-46B4-9A51-ED753E4B35E2}.Debug|x64.ActiveCfg = Debug|Any CPU
		{485E36FB-1EF8-46B4-9A51-ED753E4B35E2}.Debug|x64.Build.0 = Debug|Any CPU
		{485E36FB-1EF8-46B4-9A51-ED753E4B35E2}.Release|Any CPU.ActiveCfg = Release|Any CPU
		{485E36FB-1EF8-46B4-9A51-ED753E4B35E2}.Release|Any CPU.Build.0 = Release|Any CPU
		{485E36FB-1EF8-46B4-9A51-ED753E4B35E2}.Release|x64.ActiveCfg = Release|Any CPU
		{485E36FB-1EF8-46B4-9A51-ED753E4B35E2}.Release|x64.Build.0 = Release|Any CPU
		{E6ACE970-3066-4C59-A635-5E35F4F5EB3E}.Debug|Any CPU.ActiveCfg = Debug|Any CPU
		{E6ACE970-3066-4C59-A635-5E35F4F5EB3E}.Debug|Any CPU.Build.0 = Debug|Any CPU
		{E6ACE970-3066-4C59-A635-5E35F4F5EB3E}.Debug|x64.ActiveCfg = Debug|x64
		{E6ACE970-3066-4C59-A635-5E35F4F5EB3E}.Debug|x64.Build.0 = Debug|x64
		{E6ACE970-3066-4C59-A635-5E35F4F5EB3E}.Release|Any CPU.ActiveCfg = Release|Any CPU
		{E6ACE970-3066-4C59-A635-5E35F4F5EB3E}.Release|Any CPU.Build.0 = Release|Any CPU
		{E6ACE970-3066-4C59-A635-5E35F4F5EB3E}.Release|x64.ActiveCfg = Release|x64
		{E6ACE970-3066-4C59-A635-5E35F4F5EB3E}.Release|x64.Build.0 = Release|x64
	EndGlobalSection
	GlobalSection(SolutionProperties) = preSolution
		HideSolutionNode = FALSE
	EndGlobalSection
	GlobalSection(ExtensibilityGlobals) = postSolution
		SolutionGuid = {9B342200-6DE9-4791-B011-23645A54360E}
	EndGlobalSection
EndGlobal
